
Microsoft Visual Studio Solution File, Format Version 12.00
# Visual Studio Version 16
VisualStudioVersion = 16.0.32602.291
MinimumVisualStudioVersion = 10.0.40219.1
Project("{FAE04EC0-301F-11D3-BF4B-00C04F79EFBC}") = "Skyline", "Skyline\Skyline.csproj", "{19E20684-B099-4423-B47A-99FDD2C40D1B}"
EndProject
Global
	GlobalSection(SolutionConfigurationPlatforms) = preSolution
		Debug|Any CPU = Debug|Any CPU
		Release|Any CPU = Release|Any CPU
	EndGlobalSection
	GlobalSection(ProjectConfigurationPlatforms) = postSolution
		{19E20684-B099-4423-B47A-99FDD2C40D1B}.Debug|Any CPU.ActiveCfg = Debug|Any CPU
		{19E20684-B099-4423-B47A-99FDD2C40D1B}.Debug|Any CPU.Build.0 = Debug|Any CPU
		{19E20684-B099-4423-B47A-99FDD2C40D1B}.Release|Any CPU.ActiveCfg = Release|Any CPU
		{19E20684-B099-4423-B47A-99FDD2C40D1B}.Release|Any CPU.Build.0 = Release|Any CPU
	EndGlobalSection
	GlobalSection(SolutionProperties) = preSolution
		HideSolutionNode = FALSE
	EndGlobalSection
	GlobalSection(ExtensibilityGlobals) = postSolution
		SolutionGuid = {3D14B24A-D54C-493C-9974-7237DE372687}
	EndGlobalSection
EndGlobal
